// !$*UTF8*$!
{
	archiveVersion = 1;
	classes = {
	};
	objectVersion = 48;
	objects = {

/* Begin PBXBuildFile section */
		B72319C01F60D77800894980 /* AppDelegate.swift in Sources */ = {isa = PBXBuildFile; fileRef = B72319BF1F60D77800894980 /* AppDelegate.swift */; };
		B72319C21F60D77800894980 /* art.scnassets in Resources */ = {isa = PBXBuildFile; fileRef = B72319C11F60D77800894980 /* art.scnassets */; };
		B72319C41F60D77800894980 /* ViewController.swift in Sources */ = {isa = PBXBuildFile; fileRef = B72319C31F60D77800894980 /* ViewController.swift */; };
		B72319C71F60D77800894980 /* Main.storyboard in Resources */ = {isa = PBXBuildFile; fileRef = B72319C51F60D77800894980 /* Main.storyboard */; };
		B72319C91F60D77800894980 /* Assets.xcassets in Resources */ = {isa = PBXBuildFile; fileRef = B72319C81F60D77800894980 /* Assets.xcassets */; };
		B72319CC1F60D77800894980 /* LaunchScreen.storyboard in Resources */ = {isa = PBXBuildFile; fileRef = B72319CA1F60D77800894980 /* LaunchScreen.storyboard */; };
		B72319D71F60D77800894980 /* ARTestTests.swift in Sources */ = {isa = PBXBuildFile; fileRef = B72319D61F60D77800894980 /* ARTestTests.swift */; };
		B72319E21F60D77800894980 /* ARTestUITests.swift in Sources */ = {isa = PBXBuildFile; fileRef = B72319E11F60D77800894980 /* ARTestUITests.swift */; };
/* End PBXBuildFile section */

/* Begin PBXContainerItemProxy section */
		B72319D31F60D77800894980 /* PBXContainerItemProxy */ = {
			isa = PBXContainerItemProxy;
			containerPortal = B72319B41F60D77800894980 /* Project object */;
			proxyType = 1;
			remoteGlobalIDString = B72319BB1F60D77800894980;
			remoteInfo = ARTest;
		};
		B72319DE1F60D77800894980 /* PBXContainerItemProxy */ = {
			isa = PBXContainerItemProxy;
			containerPortal = B72319B41F60D77800894980 /* Project object */;
			proxyType = 1;
			remoteGlobalIDString = B72319BB1F60D77800894980;
			remoteInfo = ARTest;
		};
/* End PBXContainerItemProxy section */

/* Begin PBXFileReference section */
		B72319BC1F60D77800894980 /* ARTest.app */ = {isa = PBXFileReference; explicitFileType = wrapper.application; includeInIndex = 0; path = ARTest.app; sourceTree = BUILT_PRODUCTS_DIR; };
		B72319BF1F60D77800894980 /* AppDelegate.swift */ = {isa = PBXFileReference; lastKnownFileType = sourcecode.swift; path = AppDelegate.swift; sourceTree = "<group>"; };
		B72319C11F60D77800894980 /* art.scnassets */ = {isa = PBXFileReference; lastKnownFileType = wrapper.scnassets; path = art.scnassets; sourceTree = "<group>"; };
		B72319C31F60D77800894980 /* ViewController.swift */ = {isa = PBXFileReference; lastKnownFileType = sourcecode.swift; path = ViewController.swift; sourceTree = "<group>"; };
		B72319C61F60D77800894980 /* Base */ = {isa = PBXFileReference; lastKnownFileType = file.storyboard; name = Base; path = Base.lproj/Main.storyboard; sourceTree = "<group>"; };
		B72319C81F60D77800894980 /* Assets.xcassets */ = {isa = PBXFileReference; lastKnownFileType = folder.assetcatalog; path = Assets.xcassets; sourceTree = "<group>"; };
		B72319CB1F60D77800894980 /* Base */ = {isa = PBXFileReference; lastKnownFileType = file.storyboard; name = Base; path = Base.lproj/LaunchScreen.storyboard; sourceTree = "<group>"; };
		B72319CD1F60D77800894980 /* Info.plist */ = {isa = PBXFileReference; lastKnownFileType = text.plist.xml; path = Info.plist; sourceTree = "<group>"; };
		B72319D21F60D77800894980 /* ARTestTests.xctest */ = {isa = PBXFileReference; explicitFileType = wrapper.cfbundle; includeInIndex = 0; path = ARTestTests.xctest; sourceTree = BUILT_PRODUCTS_DIR; };
		B72319D61F60D77800894980 /* ARTestTests.swift */ = {isa = PBXFileReference; lastKnownFileType = sourcecode.swift; path = ARTestTests.swift; sourceTree = "<group>"; };
		B72319D81F60D77800894980 /* Info.plist */ = {isa = PBXFileReference; lastKnownFileType = text.plist.xml; path = Info.plist; sourceTree = "<group>"; };
		B72319DD1F60D77800894980 /* ARTestUITests.xctest */ = {isa = PBXFileReference; explicitFileType = wrapper.cfbundle; includeInIndex = 0; path = ARTestUITests.xctest; sourceTree = BUILT_PRODUCTS_DIR; };
		B72319E11F60D77800894980 /* ARTestUITests.swift */ = {isa = PBXFileReference; lastKnownFileType = sourcecode.swift; path = ARTestUITests.swift; sourceTree = "<group>"; };
		B72319E31F60D77800894980 /* Info.plist */ = {isa = PBXFileReference; lastKnownFileType = text.plist.xml; path = Info.plist; sourceTree = "<group>"; };
/* End PBXFileReference section */

/* Begin PBXFrameworksBuildPhase section */
		B72319B91F60D77800894980 /* Frameworks */ = {
			isa = PBXFrameworksBuildPhase;
			buildActionMask = 2147483647;
			files = (
			);
			runOnlyForDeploymentPostprocessing = 0;
		};
		B72319CF1F60D77800894980 /* Frameworks */ = {
			isa = PBXFrameworksBuildPhase;
			buildActionMask = 2147483647;
			files = (
			);
			runOnlyForDeploymentPostprocessing = 0;
		};
		B72319DA1F60D77800894980 /* Frameworks */ = {
			isa = PBXFrameworksBuildPhase;
			buildActionMask = 2147483647;
			files = (
			);
			runOnlyForDeploymentPostprocessing = 0;
		};
/* End PBXFrameworksBuildPhase section */

/* Begin PBXGroup section */
		B72319B31F60D77800894980 = {
			isa = PBXGroup;
			children = (
				B72319BE1F60D77800894980 /* ARTest */,
				B72319D51F60D77800894980 /* ARTestTests */,
				B72319E01F60D77800894980 /* ARTestUITests */,
				B72319BD1F60D77800894980 /* Products */,
			);
			sourceTree = "<group>";
		};
		B72319BD1F60D77800894980 /* Products */ = {
			isa = PBXGroup;
			children = (
				B72319BC1F60D77800894980 /* ARTest.app */,
				B72319D21F60D77800894980 /* ARTestTests.xctest */,
				B72319DD1F60D77800894980 /* ARTestUITests.xctest */,
			);
			name = Products;
			sourceTree = "<group>";
		};
		B72319BE1F60D77800894980 /* ARTest */ = {
			isa = PBXGroup;
			children = (
				B72319BF1F60D77800894980 /* AppDelegate.swift */,
				B72319C11F60D77800894980 /* art.scnassets */,
				B72319C31F60D77800894980 /* ViewController.swift */,
				B72319C51F60D77800894980 /* Main.storyboard */,
				B72319C81F60D77800894980 /* Assets.xcassets */,
				B72319CA1F60D77800894980 /* LaunchScreen.storyboard */,
				B72319CD1F60D77800894980 /* Info.plist */,
			);
			path = ARTest;
			sourceTree = "<group>";
		};
		B72319D51F60D77800894980 /* ARTestTests */ = {
			isa = PBXGroup;
			children = (
				B72319D61F60D77800894980 /* ARTestTests.swift */,
				B72319D81F60D77800894980 /* Info.plist */,
			);
			path = ARTestTests;
			sourceTree = "<group>";
		};
		B72319E01F60D77800894980 /* ARTestUITests */ = {
			isa = PBXGroup;
			children = (
				B72319E11F60D77800894980 /* ARTestUITests.swift */,
				B72319E31F60D77800894980 /* Info.plist */,
			);
			path = ARTestUITests;
			sourceTree = "<group>";
		};
/* End PBXGroup section */

/* Begin PBXNativeTarget section */
		B72319BB1F60D77800894980 /* ARTest */ = {
			isa = PBXNativeTarget;
			buildConfigurationList = B72319E61F60D77800894980 /* Build configuration list for PBXNativeTarget "ARTest" */;
			buildPhases = (
				B72319B81F60D77800894980 /* Sources */,
				B72319B91F60D77800894980 /* Frameworks */,
				B72319BA1F60D77800894980 /* Resources */,
			);
			buildRules = (
			);
			dependencies = (
			);
			name = ARTest;
			productName = ARTest;
			productReference = B72319BC1F60D77800894980 /* ARTest.app */;
			productType = "com.apple.product-type.application";
		};
		B72319D11F60D77800894980 /* ARTestTests */ = {
			isa = PBXNativeTarget;
			buildConfigurationList = B72319E91F60D77800894980 /* Build configuration list for PBXNativeTarget "ARTestTests" */;
			buildPhases = (
				B72319CE1F60D77800894980 /* Sources */,
				B72319CF1F60D77800894980 /* Frameworks */,
				B72319D01F60D77800894980 /* Resources */,
			);
			buildRules = (
			);
			dependencies = (
				B72319D41F60D77800894980 /* PBXTargetDependency */,
			);
			name = ARTestTests;
			productName = ARTestTests;
			productReference = B72319D21F60D77800894980 /* ARTestTests.xctest */;
			productType = "com.apple.product-type.bundle.unit-test";
		};
		B72319DC1F60D77800894980 /* ARTestUITests */ = {
			isa = PBXNativeTarget;
			buildConfigurationList = B72319EC1F60D77800894980 /* Build configuration list for PBXNativeTarget "ARTestUITests" */;
			buildPhases = (
				B72319D91F60D77800894980 /* Sources */,
				B72319DA1F60D77800894980 /* Frameworks */,
				B72319DB1F60D77800894980 /* Resources */,
			);
			buildRules = (
			);
			dependencies = (
				B72319DF1F60D77800894980 /* PBXTargetDependency */,
			);
			name = ARTestUITests;
			productName = ARTestUITests;
			productReference = B72319DD1F60D77800894980 /* ARTestUITests.xctest */;
			productType = "com.apple.product-type.bundle.ui-testing";
		};
/* End PBXNativeTarget section */

/* Begin PBXProject section */
		B72319B41F60D77800894980 /* Project object */ = {
			isa = PBXProject;
			attributes = {
				LastSwiftUpdateCheck = 0900;
				LastUpgradeCheck = 0900;
				ORGANIZATIONNAME = "Zach Albers";
				TargetAttributes = {
					B72319BB1F60D77800894980 = {
						CreatedOnToolsVersion = 9.0;
						ProvisioningStyle = Automatic;
					};
					B72319D11F60D77800894980 = {
						CreatedOnToolsVersion = 9.0;
						ProvisioningStyle = Automatic;
						TestTargetID = B72319BB1F60D77800894980;
					};
					B72319DC1F60D77800894980 = {
						CreatedOnToolsVersion = 9.0;
						ProvisioningStyle = Automatic;
						TestTargetID = B72319BB1F60D77800894980;
					};
				};
			};
			buildConfigurationList = B72319B71F60D77800894980 /* Build configuration list for PBXProject "ARTest" */;
			compatibilityVersion = "Xcode 8.0";
			developmentRegion = en;
			hasScannedForEncodings = 0;
			knownRegions = (
				en,
				Base,
			);
			mainGroup = B72319B31F60D77800894980;
			productRefGroup = B72319BD1F60D77800894980 /* Products */;
			projectDirPath = "";
			projectRoot = "";
			targets = (
				B72319BB1F60D77800894980 /* ARTest */,
				B72319D11F60D77800894980 /* ARTestTests */,
				B72319DC1F60D77800894980 /* ARTestUITests */,
			);
		};
/* End PBXProject section */

/* Begin PBXResourcesBuildPhase section */
		B72319BA1F60D77800894980 /* Resources */ = {
			isa = PBXResourcesBuildPhase;
			buildActionMask = 2147483647;
			files = (
				B72319C21F60D77800894980 /* art.scnassets in Resources */,
				B72319CC1F60D77800894980 /* LaunchScreen.storyboard in Resources */,
				B72319C91F60D77800894980 /* Assets.xcassets in Resources */,
				B72319C71F60D77800894980 /* Main.storyboard in Resources */,
			);
			runOnlyForDeploymentPostprocessing = 0;
		};
		B72319D01F60D77800894980 /* Resources */ = {
			isa = PBXResourcesBuildPhase;
			buildActionMask = 2147483647;
			files = (
			);
			runOnlyForDeploymentPostprocessing = 0;
		};
		B72319DB1F60D77800894980 /* Resources */ = {
			isa = PBXResourcesBuildPhase;
			buildActionMask = 2147483647;
			files = (
			);
			runOnlyForDeploymentPostprocessing = 0;
		};
/* End PBXResourcesBuildPhase section */

/* Begin PBXSourcesBuildPhase section */
		B72319B81F60D77800894980 /* Sources */ = {
			isa = PBXSourcesBuildPhase;
			buildActionMask = 2147483647;
			files = (
				B72319C41F60D77800894980 /* ViewController.swift in Sources */,
				B72319C01F60D77800894980 /* AppDelegate.swift in Sources */,
			);
			runOnlyForDeploymentPostprocessing = 0;
		};
		B72319CE1F60D77800894980 /* Sources */ = {
			isa = PBXSourcesBuildPhase;
			buildActionMask = 2147483647;
			files = (
				B72319D71F60D77800894980 /* ARTestTests.swift in Sources */,
			);
			runOnlyForDeploymentPostprocessing = 0;
		};
		B72319D91F60D77800894980 /* Sources */ = {
			isa = PBXSourcesBuildPhase;
			buildActionMask = 2147483647;
			files = (
				B72319E21F60D77800894980 /* ARTestUITests.swift in Sources */,
			);
			runOnlyForDeploymentPostprocessing = 0;
		};
/* End PBXSourcesBuildPhase section */

/* Begin PBXTargetDependency section */
		B72319D41F60D77800894980 /* PBXTargetDependency */ = {
			isa = PBXTargetDependency;
			target = B72319BB1F60D77800894980 /* ARTest */;
			targetProxy = B72319D31F60D77800894980 /* PBXContainerItemProxy */;
		};
		B72319DF1F60D77800894980 /* PBXTargetDependency */ = {
			isa = PBXTargetDependency;
			target = B72319BB1F60D77800894980 /* ARTest */;
			targetProxy = B72319DE1F60D77800894980 /* PBXContainerItemProxy */;
		};
/* End PBXTargetDependency section */

/* Begin PBXVariantGroup section */
		B72319C51F60D77800894980 /* Main.storyboard */ = {
			isa = PBXVariantGroup;
			children = (
				B72319C61F60D77800894980 /* Base */,
			);
			name = Main.storyboard;
			sourceTree = "<group>";
		};
		B72319CA1F60D77800894980 /* LaunchScreen.storyboard */ = {
			isa = PBXVariantGroup;
			children = (
				B72319CB1F60D77800894980 /* Base */,
			);
			name = LaunchScreen.storyboard;
			sourceTree = "<group>";
		};
/* End PBXVariantGroup section */

/* Begin XCBuildConfiguration section */
		B72319E41F60D77800894980 /* Debug */ = {
			isa = XCBuildConfiguration;
			buildSettings = {
				ALWAYS_SEARCH_USER_PATHS = NO;
				CLANG_ANALYZER_NONNULL = YES;
				CLANG_ANALYZER_NUMBER_OBJECT_CONVERSION = YES_AGGRESSIVE;
				CLANG_CXX_LANGUAGE_STANDARD = "gnu++14";
				CLANG_CXX_LIBRARY = "libc++";
				CLANG_ENABLE_MODULES = YES;
				CLANG_ENABLE_OBJC_ARC = YES;
				CLANG_WARN_BLOCK_CAPTURE_AUTORELEASING = YES;
				CLANG_WARN_BOOL_CONVERSION = YES;
				CLANG_WARN_COMMA = YES;
				CLANG_WARN_CONSTANT_CONVERSION = YES;
				CLANG_WARN_DIRECT_OBJC_ISA_USAGE = YES_ERROR;
				CLANG_WARN_DOCUMENTATION_COMMENTS = YES;
				CLANG_WARN_EMPTY_BODY = YES;
				CLANG_WARN_ENUM_CONVERSION = YES;
				CLANG_WARN_INFINITE_RECURSION = YES;
				CLANG_WARN_INT_CONVERSION = YES;
				CLANG_WARN_NON_LITERAL_NULL_CONVERSION = YES;
				CLANG_WARN_OBJC_LITERAL_CONVERSION = YES;
				CLANG_WARN_OBJC_ROOT_CLASS = YES_ERROR;
				CLANG_WARN_RANGE_LOOP_ANALYSIS = YES;
				CLANG_WARN_STRICT_PROTOTYPES = YES;
				CLANG_WARN_SUSPICIOUS_MOVE = YES;
				CLANG_WARN_UNGUARDED_AVAILABILITY = YES_AGGRESSIVE;
				CLANG_WARN_UNREACHABLE_CODE = YES;
				CLANG_WARN__DUPLICATE_METHOD_MATCH = YES;
				CODE_SIGN_IDENTITY = "iPhone Developer";
				COPY_PHASE_STRIP = NO;
				DEBUG_INFORMATION_FORMAT = dwarf;
				ENABLE_STRICT_OBJC_MSGSEND = YES;
				ENABLE_TESTABILITY = YES;
				GCC_C_LANGUAGE_STANDARD = gnu11;
				GCC_DYNAMIC_NO_PIC = NO;
				GCC_NO_COMMON_BLOCKS = YES;
				GCC_OPTIMIZATION_LEVEL = 0;
				GCC_PREPROCESSOR_DEFINITIONS = (
					"DEBUG=1",
					"$(inherited)",
				);
				GCC_WARN_64_TO_32_BIT_CONVERSION = YES;
				GCC_WARN_ABOUT_RETURN_TYPE = YES_ERROR;
				GCC_WARN_UNDECLARED_SELECTOR = YES;
				GCC_WARN_UNINITIALIZED_AUTOS = YES_AGGRESSIVE;
				GCC_WARN_UNUSED_FUNCTION = YES;
				GCC_WARN_UNUSED_VARIABLE = YES;
				IPHONEOS_DEPLOYMENT_TARGET = 11.0;
				MTL_ENABLE_DEBUG_INFO = YES;
				ONLY_ACTIVE_ARCH = YES;
				SDKROOT = iphoneos;
				SWIFT_ACTIVE_COMPILATION_CONDITIONS = DEBUG;
				SWIFT_OPTIMIZATION_LEVEL = "-Onone";
			};
			name = Debug;
		};
		B72319E51F60D77800894980 /* Release */ = {
			isa = XCBuildConfiguration;
			buildSettings = {
				ALWAYS_SEARCH_USER_PATHS = NO;
				CLANG_ANALYZER_NONNULL = YES;
				CLANG_ANALYZER_NUMBER_OBJECT_CONVERSION = YES_AGGRESSIVE;
				CLANG_CXX_LANGUAGE_STANDARD = "gnu++14";
				CLANG_CXX_LIBRARY = "libc++";
				CLANG_ENABLE_MODULES = YES;
				CLANG_ENABLE_OBJC_ARC = YES;
				CLANG_WARN_BLOCK_CAPTURE_AUTORELEASING = YES;
				CLANG_WARN_BOOL_CONVERSION = YES;
				CLANG_WARN_COMMA = YES;
				CLANG_WARN_CONSTANT_CONVERSION = YES;
				CLANG_WARN_DIRECT_OBJC_ISA_USAGE = YES_ERROR;
				CLANG_WARN_DOCUMENTATION_COMMENTS = YES;
				CLANG_WARN_EMPTY_BODY = YES;
				CLANG_WARN_ENUM_CONVERSION = YES;
				CLANG_WARN_INFINITE_RECURSION = YES;
				CLANG_WARN_INT_CONVERSION = YES;
				CLANG_WARN_NON_LITERAL_NULL_CONVERSION = YES;
				CLANG_WARN_OBJC_LITERAL_CONVERSION = YES;
				CLANG_WARN_OBJC_ROOT_CLASS = YES_ERROR;
				CLANG_WARN_RANGE_LOOP_ANALYSIS = YES;
				CLANG_WARN_STRICT_PROTOTYPES = YES;
				CLANG_WARN_SUSPICIOUS_MOVE = YES;
				CLANG_WARN_UNGUARDED_AVAILABILITY = YES_AGGRESSIVE;
				CLANG_WARN_UNREACHABLE_CODE = YES;
				CLANG_WARN__DUPLICATE_METHOD_MATCH = YES;
				CODE_SIGN_IDENTITY = "iPhone Developer";
				COPY_PHASE_STRIP = NO;
				DEBUG_INFORMATION_FORMAT = "dwarf-with-dsym";
				ENABLE_NS_ASSERTIONS = NO;
				ENABLE_STRICT_OBJC_MSGSEND = YES;
				GCC_C_LANGUAGE_STANDARD = gnu11;
				GCC_NO_COMMON_BLOCKS = YES;
				GCC_WARN_64_TO_32_BIT_CONVERSION = YES;
				GCC_WARN_ABOUT_RETURN_TYPE = YES_ERROR;
				GCC_WARN_UNDECLARED_SELECTOR = YES;
				GCC_WARN_UNINITIALIZED_AUTOS = YES_AGGRESSIVE;
				GCC_WARN_UNUSED_FUNCTION = YES;
				GCC_WARN_UNUSED_VARIABLE = YES;
				IPHONEOS_DEPLOYMENT_TARGET = 11.0;
				MTL_ENABLE_DEBUG_INFO = NO;
				SDKROOT = iphoneos;
				SWIFT_OPTIMIZATION_LEVEL = "-Owholemodule";
				VALIDATE_PRODUCT = YES;
			};
			name = Release;
		};
		B72319E71F60D77800894980 /* Debug */ = {
			isa = XCBuildConfiguration;
			buildSettings = {
				ASSETCATALOG_COMPILER_APPICON_NAME = AppIcon;
				CODE_SIGN_STYLE = Automatic;
				DEVELOPMENT_TEAM = 3CZD9T8ATC;
				INFOPLIST_FILE = ARTest/Info.plist;
				LD_RUNPATH_SEARCH_PATHS = "$(inherited) @executable_path/Frameworks";
				PRODUCT_BUNDLE_IDENTIFIER = Albers.Z.ARTest;
				PRODUCT_NAME = "$(TARGET_NAME)";
				SWIFT_VERSION = 4.0;
				TARGETED_DEVICE_FAMILY = "1,2";
			};
			name = Debug;
		};
		B72319E81F60D77800894980 /* Release */ = {
			isa = XCBuildConfiguration;
			buildSettings = {
				ASSETCATALOG_COMPILER_APPICON_NAME = AppIcon;
				CODE_SIGN_STYLE = Automatic;
				DEVELOPMENT_TEAM = 3CZD9T8ATC;
				INFOPLIST_FILE = ARTest/Info.plist;
				LD_RUNPATH_SEARCH_PATHS = "$(inherited) @executable_path/Frameworks";
				PRODUCT_BUNDLE_IDENTIFIER = Albers.Z.ARTest;
				PRODUCT_NAME = "$(TARGET_NAME)";
				SWIFT_VERSION = 4.0;
				TARGETED_DEVICE_FAMILY = "1,2";
			};
			name = Release;
		};
		B72319EA1F60D77800894980 /* Debug */ = {
			isa = XCBuildConfiguration;
			buildSettings = {
				ALWAYS_EMBED_SWIFT_STANDARD_LIBRARIES = YES;
				BUNDLE_LOADER = "$(TEST_HOST)";
				CODE_SIGN_STYLE = Automatic;
				DEVELOPMENT_TEAM = 3CZD9T8ATC;
				INFOPLIST_FILE = ARTestTests/Info.plist;
				LD_RUNPATH_SEARCH_PATHS = "$(inherited) @executable_path/Frameworks @loader_path/Frameworks";
				PRODUCT_BUNDLE_IDENTIFIER = Albers.Z.ARTestTests;
				PRODUCT_NAME = "$(TARGET_NAME)";
				SWIFT_VERSION = 4.0;
				TARGETED_DEVICE_FAMILY = "1,2";
				TEST_HOST = "$(BUILT_PRODUCTS_DIR)/ARTest.app/ARTest";
			};
			name = Debug;
		};
		B72319EB1F60D77800894980 /* Release */ = {
			isa = XCBuildConfiguration;
			buildSettings = {
				ALWAYS_EMBED_SWIFT_STANDARD_LIBRARIES = YES;
				BUNDLE_LOADER = "$(TEST_HOST)";
				CODE_SIGN_STYLE = Automatic;
				DEVELOPMENT_TEAM = 3CZD9T8ATC;
				INFOPLIST_FILE = ARTestTests/Info.plist;
				LD_RUNPATH_SEARCH_PATHS = "$(inherited) @executable_path/Frameworks @loader_path/Frameworks";
				PRODUCT_BUNDLE_IDENTIFIER = Albers.Z.ARTestTests;
				PRODUCT_NAME = "$(TARGET_NAME)";
				SWIFT_VERSION = 4.0;
				TARGETED_DEVICE_FAMILY = "1,2";
				TEST_HOST = "$(BUILT_PRODUCTS_DIR)/ARTest.app/ARTest";
			};
			name = Release;
		};
		B72319ED1F60D77800894980 /* Debug */ = {
			isa = XCBuildConfiguration;
			buildSettings = {
				ALWAYS_EMBED_SWIFT_STANDARD_LIBRARIES = YES;
				CODE_SIGN_STYLE = Automatic;
				DEVELOPMENT_TEAM = 3CZD9T8ATC;
				INFOPLIST_FILE = ARTestUITests/Info.plist;
				LD_RUNPATH_SEARCH_PATHS = "$(inherited) @executable_path/Frameworks @loader_path/Frameworks";
				PRODUCT_BUNDLE_IDENTIFIER = Albers.Z.ARTestUITests;
				PRODUCT_NAME = "$(TARGET_NAME)";
				SWIFT_VERSION = 4.0;
				TARGETED_DEVICE_FAMILY = "1,2";
				TEST_TARGET_NAME = ARTest;
			};
			name = Debug;
		};
		B72319EE1F60D77800894980 /* Release */ = {
			isa = XCBuildConfiguration;
			buildSettings = {
				ALWAYS_EMBED_SWIFT_STANDARD_LIBRARIES = YES;
				CODE_SIGN_STYLE = Automatic;
				DEVELOPMENT_TEAM = 3CZD9T8ATC;
				INFOPLIST_FILE = ARTestUITests/Info.plist;
				LD_RUNPATH_SEARCH_PATHS = "$(inherited) @executable_path/Frameworks @loader_path/Frameworks";
				PRODUCT_BUNDLE_IDENTIFIER = Albers.Z.ARTestUITests;
				PRODUCT_NAME = "$(TARGET_NAME)";
				SWIFT_VERSION = 4.0;
				TARGETED_DEVICE_FAMILY = "1,2";
				TEST_TARGET_NAME = ARTest;
			};
			name = Release;
		};
/* End XCBuildConfiguration section */

/* Begin XCConfigurationList section */
		B72319B71F60D77800894980 /* Build configuration list for PBXProject "ARTest" */ = {
			isa = XCConfigurationList;
			buildConfigurations = (
				B72319E41F60D77800894980 /* Debug */,
				B72319E51F60D77800894980 /* Release */,
			);
			defaultConfigurationIsVisible = 0;
			defaultConfigurationName = Release;
		};
		B72319E61F60D77800894980 /* Build configuration list for PBXNativeTarget "ARTest" */ = {
			isa = XCConfigurationList;
			buildConfigurations = (
				B72319E71F60D77800894980 /* Debug */,
				B72319E81F60D77800894980 /* Release */,
			);
			defaultConfigurationIsVisible = 0;
			defaultConfigurationName = Release;
		};
		B72319E91F60D77800894980 /* Build configuration list for PBXNativeTarget "ARTestTests" */ = {
			isa = XCConfigurationList;
			buildConfigurations = (
				B72319EA1F60D77800894980 /* Debug */,
				B72319EB1F60D77800894980 /* Release */,
			);
			defaultConfigurationIsVisible = 0;
			defaultConfigurationName = Release;
		};
		B72319EC1F60D77800894980 /* Build configuration list for PBXNativeTarget "ARTestUITests" */ = {
			isa = XCConfigurationList;
			buildConfigurations = (
				B72319ED1F60D77800894980 /* Debug */,
				B72319EE1F60D77800894980 /* Release */,
			);
			defaultConfigurationIsVisible = 0;
			defaultConfigurationName = Release;
		};
/* End XCConfigurationList section */
	};
	rootObject = B72319B41F60D77800894980 /* Project object */;
}
